
Microsoft Visual Studio Solution File, Format Version 12.00
# Visual Studio Version 17
VisualStudioVersion = 17.9.34701.34
MinimumVisualStudioVersion = 10.0.40219.1
Project("{9A19103F-16F7-4668-BE54-9A1E7A4F7556}") = "Paskaita_1", "Paskaita_1\Paskaita_1.csproj", "{5FCBE178-7ECD-4345-9619-143A95BB583F}"
EndProject
Project("{9A19103F-16F7-4668-BE54-9A1E7A4F7556}") = "Paskaita_2", "Paskaita_2\Paskaita_2.csproj", "{10941C44-A0AB-47E4-92E7-93D16F52069E}"
EndProject
Project("{9A19103F-16F7-4668-BE54-9A1E7A4F7556}") = "Paskaita_3", "Paskaita_3\Paskaita_3.csproj", "{A951B46B-D445-4CEC-AE8E-686F7AAFDA69}"
EndProject
Project("{9A19103F-16F7-4668-BE54-9A1E7A4F7556}") = "Paskaita_4", "Paskaita_4\Paskaita_4.csproj", "{21CC0691-08FD-4AC9-9DE0-1A43411B8BD9}"
EndProject
Project("{9A19103F-16F7-4668-BE54-9A1E7A4F7556}") = "Paskaita_5", "Paskaita_5\Paskaita_5.csproj", "{3C5054BA-E3AB-4EE5-A8E8-21F38783FFF7}"
EndProject
Project("{9A19103F-16F7-4668-BE54-9A1E7A4F7556}") = "Paskaita_6", "Paskaita_6\Paskaita_6.csproj", "{55F2B829-060C-4831-899C-B5C3AD11E892}"
EndProject
Project("{9A19103F-16F7-4668-BE54-9A1E7A4F7556}") = "Paskaita_7", "Paskaita_7\Paskaita_7.csproj", "{21B0730B-4CBF-4E19-BEB8-B1FC45E3CDDF}"
EndProject
Project("{9A19103F-16F7-4668-BE54-9A1E7A4F7556}") = "Paskaita_7_UnitTests", "Paskaita_7_UnitTests\Paskaita_7_UnitTests.csproj", "{2656CB3F-A183-479A-93DF-2D076D13393A}"
EndProject
Project("{9A19103F-16F7-4668-BE54-9A1E7A4F7556}") = "Paskaita_7Tests1", "Paskaita_7Tests1\Paskaita_7Tests1.csproj", "{50CD8B96-9617-437C-9815-593504DA8E22}"
EndProject
Project("{9A19103F-16F7-4668-BE54-9A1E7A4F7556}") = "Paskaita_8", "Paskaita_8\Paskaita_8.csproj", "{50FA13AB-373E-44EF-847E-DECF1017DFE5}"
EndProject
Project("{9A19103F-16F7-4668-BE54-9A1E7A4F7556}") = "Paskaita_12", "Paskaita_12\Paskaita_12.csproj", "{FED7CF42-7275-48DF-9485-85884C6EE17C}"
EndProject
Project("{9A19103F-16F7-4668-BE54-9A1E7A4F7556}") = "Paskaita_13", "Paskaita_13\Paskaita_13.csproj", "{C1B5D95E-D874-4FE5-9B38-78B4524584AB}"
EndProject
Project("{FAE04EC0-301F-11D3-BF4B-00C04F79EFBC}") = "Paskaita_15", "Paskaita_15\Paskaita_15.csproj", "{1BA2DE4A-E511-49A4-B6E0-3E5BA42FBF2C}"
EndProject
Global
	GlobalSection(SolutionConfigurationPlatforms) = preSolution
		Debug|Any CPU = Debug|Any CPU
		Release|Any CPU = Release|Any CPU
	EndGlobalSection
	GlobalSection(ProjectConfigurationPlatforms) = postSolution
		{5FCBE178-7ECD-4345-9619-143A95BB583F}.Debug|Any CPU.ActiveCfg = Debug|Any CPU
		{5FCBE178-7ECD-4345-9619-143A95BB583F}.Debug|Any CPU.Build.0 = Debug|Any CPU
		{5FCBE178-7ECD-4345-9619-143A95BB583F}.Release|Any CPU.ActiveCfg = Release|Any CPU
		{5FCBE178-7ECD-4345-9619-143A95BB583F}.Release|Any CPU.Build.0 = Release|Any CPU
		{10941C44-A0AB-47E4-92E7-93D16F52069E}.Debug|Any CPU.ActiveCfg = Debug|Any CPU
		{10941C44-A0AB-47E4-92E7-93D16F52069E}.Debug|Any CPU.Build.0 = Debug|Any CPU
		{10941C44-A0AB-47E4-92E7-93D16F52069E}.Release|Any CPU.ActiveCfg = Release|Any CPU
		{10941C44-A0AB-47E4-92E7-93D16F52069E}.Release|Any CPU.Build.0 = Release|Any CPU
		{A951B46B-D445-4CEC-AE8E-686F7AAFDA69}.Debug|Any CPU.ActiveCfg = Debug|Any CPU
		{A951B46B-D445-4CEC-AE8E-686F7AAFDA69}.Debug|Any CPU.Build.0 = Debug|Any CPU
		{A951B46B-D445-4CEC-AE8E-686F7AAFDA69}.Release|Any CPU.ActiveCfg = Release|Any CPU
		{A951B46B-D445-4CEC-AE8E-686F7AAFDA69}.Release|Any CPU.Build.0 = Release|Any CPU
		{21CC0691-08FD-4AC9-9DE0-1A43411B8BD9}.Debug|Any CPU.ActiveCfg = Debug|Any CPU
		{21CC0691-08FD-4AC9-9DE0-1A43411B8BD9}.Debug|Any CPU.Build.0 = Debug|Any CPU
		{21CC0691-08FD-4AC9-9DE0-1A43411B8BD9}.Release|Any CPU.ActiveCfg = Release|Any CPU
		{21CC0691-08FD-4AC9-9DE0-1A43411B8BD9}.Release|Any CPU.Build.0 = Release|Any CPU
		{3C5054BA-E3AB-4EE5-A8E8-21F38783FFF7}.Debug|Any CPU.ActiveCfg = Debug|Any CPU
		{3C5054BA-E3AB-4EE5-A8E8-21F38783FFF7}.Debug|Any CPU.Build.0 = Debug|Any CPU
		{3C5054BA-E3AB-4EE5-A8E8-21F38783FFF7}.Release|Any CPU.ActiveCfg = Release|Any CPU
		{3C5054BA-E3AB-4EE5-A8E8-21F38783FFF7}.Release|Any CPU.Build.0 = Release|Any CPU
		{55F2B829-060C-4831-899C-B5C3AD11E892}.Debug|Any CPU.ActiveCfg = Debug|Any CPU
		{55F2B829-060C-4831-899C-B5C3AD11E892}.Debug|Any CPU.Build.0 = Debug|Any CPU
		{55F2B829-060C-4831-899C-B5C3AD11E892}.Release|Any CPU.ActiveCfg = Release|Any CPU
		{55F2B829-060C-4831-899C-B5C3AD11E892}.Release|Any CPU.Build.0 = Release|Any CPU
		{21B0730B-4CBF-4E19-BEB8-B1FC45E3CDDF}.Debug|Any CPU.ActiveCfg = Debug|Any CPU
		{21B0730B-4CBF-4E19-BEB8-B1FC45E3CDDF}.Debug|Any CPU.Build.0 = Debug|Any CPU
		{21B0730B-4CBF-4E19-BEB8-B1FC45E3CDDF}.Release|Any CPU.ActiveCfg = Release|Any CPU
		{21B0730B-4CBF-4E19-BEB8-B1FC45E3CDDF}.Release|Any CPU.Build.0 = Release|Any CPU
		{2656CB3F-A183-479A-93DF-2D076D13393A}.Debug|Any CPU.ActiveCfg = Debug|Any CPU
		{2656CB3F-A183-479A-93DF-2D076D13393A}.Debug|Any CPU.Build.0 = Debug|Any CPU
		{2656CB3F-A183-479A-93DF-2D076D13393A}.Release|Any CPU.ActiveCfg = Release|Any CPU
		{2656CB3F-A183-479A-93DF-2D076D13393A}.Release|Any CPU.Build.0 = Release|Any CPU
		{50CD8B96-9617-437C-9815-593504DA8E22}.Debug|Any CPU.ActiveCfg = Debug|Any CPU
		{50CD8B96-9617-437C-9815-593504DA8E22}.Debug|Any CPU.Build.0 = Debug|Any CPU
		{50CD8B96-9617-437C-9815-593504DA8E22}.Release|Any CPU.ActiveCfg = Release|Any CPU
		{50CD8B96-9617-437C-9815-593504DA8E22}.Release|Any CPU.Build.0 = Release|Any CPU
		{50FA13AB-373E-44EF-847E-DECF1017DFE5}.Debug|Any CPU.ActiveCfg = Debug|Any CPU
		{50FA13AB-373E-44EF-847E-DECF1017DFE5}.Debug|Any CPU.Build.0 = Debug|Any CPU
		{50FA13AB-373E-44EF-847E-DECF1017DFE5}.Release|Any CPU.ActiveCfg = Release|Any CPU
		{50FA13AB-373E-44EF-847E-DECF1017DFE5}.Release|Any CPU.Build.0 = Release|Any CPU
		{FED7CF42-7275-48DF-9485-85884C6EE17C}.Debug|Any CPU.ActiveCfg = Debug|Any CPU
		{FED7CF42-7275-48DF-9485-85884C6EE17C}.Debug|Any CPU.Build.0 = Debug|Any CPU
		{FED7CF42-7275-48DF-9485-85884C6EE17C}.Release|Any CPU.ActiveCfg = Release|Any CPU
		{FED7CF42-7275-48DF-9485-85884C6EE17C}.Release|Any CPU.Build.0 = Release|Any CPU
		{C1B5D95E-D874-4FE5-9B38-78B4524584AB}.Debug|Any CPU.ActiveCfg = Debug|Any CPU
		{C1B5D95E-D874-4FE5-9B38-78B4524584AB}.Debug|Any CPU.Build.0 = Debug|Any CPU
		{C1B5D95E-D874-4FE5-9B38-78B4524584AB}.Release|Any CPU.ActiveCfg = Release|Any CPU
		{C1B5D95E-D874-4FE5-9B38-78B4524584AB}.Release|Any CPU.Build.0 = Release|Any CPU
		{1BA2DE4A-E511-49A4-B6E0-3E5BA42FBF2C}.Debug|Any CPU.ActiveCfg = Debug|Any CPU
		{1BA2DE4A-E511-49A4-B6E0-3E5BA42FBF2C}.Debug|Any CPU.Build.0 = Debug|Any CPU
		{1BA2DE4A-E511-49A4-B6E0-3E5BA42FBF2C}.Release|Any CPU.ActiveCfg = Release|Any CPU
		{1BA2DE4A-E511-49A4-B6E0-3E5BA42FBF2C}.Release|Any CPU.Build.0 = Release|Any CPU
	EndGlobalSection
	GlobalSection(SolutionProperties) = preSolution
		HideSolutionNode = FALSE
	EndGlobalSection
	GlobalSection(ExtensibilityGlobals) = postSolution
		SolutionGuid = {3CF03E9A-19D9-4798-945A-663E2541986D}
	EndGlobalSection
EndGlobal
